{
  "name": "mixar",
  "lockfileVersion": 3,
  "requires": true,
  "packages": {
    "": {
      "name": "mixar",
      "workspaces": [
        "apps/*",
        "packages/*"
      ],
      "devDependencies": {
        "@moonrepo/cli": "^2.4.4",
        "lefthook": "2.1.10"
      },
      "engines": {
        "node": ">=22.18"
      }
    },
    "node_modules/@moonrepo/cli": {
      "version": "2.4.4",
      "dev": true,
      "license": "MIT",
      "dependencies": {
        "detect-libc": "^2.1.2"
      },
      "bin": {
        "moon": "moon.js",
        "moonx": "moonx.js"
      },
      "optionalDependencies": {
        "@moonrepo/core-linux-arm64-gnu": "2.4.4",
        "@moonrepo/core-linux-arm64-musl": "2.4.4",
        "@moonrepo/core-linux-x64-gnu": "2.4.4",
        "@moonrepo/core-linux-x64-musl": "2.4.4",
        "@moonrepo/core-macos-arm64": "2.4.4",
        "@moonrepo/core-macos-x64": "2.4.4",
        "@moonrepo/core-windows-x64-msvc": "2.4.4"
      }
    },
    "node_modules/@moonrepo/core-linux-arm64-gnu": {
      "version": "2.4.4",
      "resolved": "https://registry.npmjs.org/@moonrepo/core-linux-arm64-gnu/-/core-linux-arm64-gnu-2.4.4.tgz",
      "integrity": "sha512-2bSaJSIT8bUOkHhpNd/4XI5vxUZS2ukUmt/bV7rwwX1xKM+u8spdSKAyO3RMLgdsxVkrNE4k6v3SU63/S9XwDA==",
      "cpu": [
        "arm64"
      ],
      "dev": true,
      "libc": [
        "glibc"
      ],
      "license": "MIT",
      "optional": true,
      "os": [
        "linux"
      ]
    },
    "node_modules/@moonrepo/core-linux-arm64-musl": {
      "version": "2.4.4",
      "resolved": "https://registry.npmjs.org/@moonrepo/core-linux-arm64-musl/-/core-linux-arm64-musl-2.4.4.tgz",
      "integrity": "sha512-FoS2m5ZgDc/YsuOowwzKuntu+WL9Kg0r6YTA9FESmM2pA0kU530yEumm0Y3w9uNN2Sv7Wf5xHWiwpvfuaLacuA==",
      "cpu": [
        "arm64"
      ],
      "dev": true,
      "libc": [
        "musl"
      ],
      "license": "MIT",
      "optional": true,
      "os": [
        "linux"
      ]
    },
    "node_modules/@moonrepo/core-linux-x64-gnu": {
      "version": "2.4.4",
      "cpu": [
        "x64"
      ],
      "dev": true,
      "license": "MIT",
      "optional": true,
      "os": [
        "linux"
      ]
    },
    "node_modules/@moonrepo/core-linux-x64-musl": {
      "version": "2.4.4",
      "cpu": [
        "x64"
      ],
      "dev": true,
      "license": "MIT",
      "optional": true,
      "os": [
        "linux"
      ]
    },
    "node_modules/@moonrepo/core-macos-arm64": {
      "version": "2.4.4",
      "resolved": "https://registry.npmjs.org/@moonrepo/core-macos-arm64/-/core-macos-arm64-2.4.4.tgz",
      "integrity": "sha512-fmT0E7eQlD5FFwCZ0vS8Yo+D5i+7tN8kkQFSeQ4MVcmC0iM5arQScPpKCclIT6q2OjArKihacRrf8qzT8bCGpg==",
      "cpu": [
        "arm64"
      ],
      "dev": true,
      "license": "MIT",
      "optional": true,
      "os": [
        "darwin"
      ]
    },
    "node_modules/@moonrepo/core-macos-x64": {
      "version": "2.4.4",
      "resolved": "https://registry.npmjs.org/@moonrepo/core-macos-x64/-/core-macos-x64-2.4.4.tgz",
      "integrity": "sha512-jASSf5XQP0h7BalmRcve9WrCh+C/gamnkJcxqzI+rMz9k3Q3GyBzLUdfavb3xC+Tau41rEQSdMB3Sl92gW2hqQ==",
      "cpu": [
        "x64"
      ],
      "dev": true,
      "license": "MIT",
      "optional": true,
      "os": [
        "darwin"
      ]
    },
    "node_modules/@moonrepo/core-windows-x64-msvc": {
      "version": "2.4.4",
      "resolved": "https://registry.npmjs.org/@moonrepo/core-windows-x64-msvc/-/core-windows-x64-msvc-2.4.4.tgz",
      "integrity": "sha512-6RJiQ91KI8BopsNXqWLClgwIinITNtBIxe/sGe4QZMhk2Ge95E/XmoliFH1/4T6aID4ZeRPFXwjsuKzBpnLKkg==",
      "cpu": [
        "x64"
      ],
      "dev": true,
      "license": "MIT",
      "optional": true,
      "os": [
        "win32"
      ]
    },
    "node_modules/detect-libc": {
      "version": "2.1.2",
      "dev": true,
      "license": "Apache-2.0",
      "engines": {
        "node": ">=8"
      }
    },
    "node_modules/lefthook": {
      "version": "2.1.10",
      "dev": true,
      "hasInstallScript": true,
      "license": "MIT",
      "bin": {
        "lefthook": "bin/index.js"
      },
      "optionalDependencies": {
        "lefthook-darwin-arm64": "2.1.10",
        "lefthook-darwin-x64": "2.1.10",
        "lefthook-freebsd-arm64": "2.1.10",
        "lefthook-freebsd-x64": "2.1.10",
        "lefthook-linux-arm64": "2.1.10",
        "lefthook-linux-x64": "2.1.10",
        "lefthook-openbsd-arm64": "2.1.10",
        "lefthook-openbsd-x64": "2.1.10",
        "lefthook-windows-arm64": "2.1.10",
        "lefthook-windows-x64": "2.1.10"
      }
    },
    "node_modules/lefthook-darwin-arm64": {
      "version": "2.1.10",
      "resolved": "https://registry.npmjs.org/lefthook-darwin-arm64/-/lefthook-darwin-arm64-2.1.10.tgz",
      "integrity": "sha512-nw+X8wRNDoUUV6WSteyKBbcLySq+fsmZt5WV/s50ZJpysmsDKJOUMln6SllNfP+60dzUahAO7REco/2633BsLg==",
      "cpu": [
        "arm64"
      ],
      "dev": true,
      "license": "MIT",
      "optional": true,
      "os": [
        "darwin"
      ]
    },
    "node_modules/lefthook-darwin-x64": {
      "version": "2.1.10",
      "resolved": "https://registry.npmjs.org/lefthook-darwin-x64/-/lefthook-darwin-x64-2.1.10.tgz",
      "integrity": "sha512-KQ/bHmvpkFdHMn4pZnUdTf+GuSC+aBBgBTxZT4GW+6cSf+qbErKZBhK7cH6BmILsvx43+VzEArvHYY7YOfRFOQ==",
      "cpu": [
        "x64"
      ],
      "dev": true,
      "license": "MIT",
      "optional": true,
      "os": [
        "darwin"
      ]
    },
    "node_modules/lefthook-freebsd-arm64": {
      "version": "2.1.10",
      "resolved": "https://registry.npmjs.org/lefthook-freebsd-arm64/-/lefthook-freebsd-arm64-2.1.10.tgz",
      "integrity": "sha512-8su6DwydP7+pv7kG0zCtjphqsw4ouOnfexRUErapy5GTxYBoUOhYz3RSHTSWNRsK6W4jva7FPUh2Lp5/PSn30w==",
      "cpu": [
        "arm64"
      ],
      "dev": true,
      "license": "MIT",
      "optional": true,
      "os": [
        "freebsd"
      ]
    },
    "node_modules/lefthook-freebsd-x64": {
      "version": "2.1.10",
      "resolved": "https://registry.npmjs.org/lefthook-freebsd-x64/-/lefthook-freebsd-x64-2.1.10.tgz",
      "integrity": "sha512-GeAJEFxko3Lk+AsnS3NleAFrpyMLFUKOlgJvPKuU0xHwVEI/z+ZoCcmuO0BX+4CS0NLbZhC/YQAvBASqDvvVdQ==",
      "cpu": [
        "x64"
      ],
      "dev": true,
      "license": "MIT",
      "optional": true,
      "os": [
        "freebsd"
      ]
    },
    "node_modules/lefthook-linux-arm64": {
      "version": "2.1.10",
      "resolved": "https://registry.npmjs.org/lefthook-linux-arm64/-/lefthook-linux-arm64-2.1.10.tgz",
      "integrity": "sha512-1sHTCmpTWjVMs+yKPBLRNT1kuuIr1yjietlk7rCB6wFPVOS6Ph3o2zPFH2AvW1UymHlqwyHXzBr9EtDpQ7j1mQ==",
      "cpu": [
        "arm64"
      ],
      "dev": true,
      "license": "MIT",
      "optional": true,
      "os": [
        "linux"
      ]
    },
    "node_modules/lefthook-linux-x64": {
      "version": "2.1.10",
      "cpu": [
        "x64"
      ],
      "dev": true,
      "license": "MIT",
      "optional": true,
      "os": [
        "linux"
      ]
    },
    "node_modules/lefthook-openbsd-arm64": {
      "version": "2.1.10",
      "resolved": "https://registry.npmjs.org/lefthook-openbsd-arm64/-/lefthook-openbsd-arm64-2.1.10.tgz",
      "integrity": "sha512-430zL8sSIKw5P0YXGG6PB+eAhHa06n0PXuaERaAQE4Ss3odfqwnl5Mq9hQmkEnOS1EGiQEKkd0UHv/i4PtMNIQ==",
      "cpu": [
        "arm64"
      ],
      "dev": true,
      "license": "MIT",
      "optional": true,
      "os": [
        "openbsd"
      ]
    },
    "node_modules/lefthook-openbsd-x64": {
      "version": "2.1.10",
      "resolved": "https://registry.npmjs.org/lefthook-openbsd-x64/-/lefthook-openbsd-x64-2.1.10.tgz",
      "integrity": "sha512-bgkO8PphGZVDhQgCJ524aYYPI5491pVmCiLPGjBIo1AvOSlIyw4N1Y+1C3QfqwEmechzw+Aq16SNc8pqv6UuXg==",
      "cpu": [
        "x64"
      ],
      "dev": true,
      "license": "MIT",
      "optional": true,
      "os": [
        "openbsd"
      ]
    },
    "node_modules/lefthook-windows-arm64": {
      "version": "2.1.10",
      "resolved": "https://registry.npmjs.org/lefthook-windows-arm64/-/lefthook-windows-arm64-2.1.10.tgz",
      "integrity": "sha512-5Q6etF0Fla2DDA4ilDySrdNgiR5+W7cJZwnZ69Je3kvWCaWm4wnkuc8FEdjp3kiL2x3ZXipdI00f5vpO8aWmog==",
      "cpu": [
        "arm64"
      ],
      "dev": true,
      "license": "MIT",
      "optional": true,
      "os": [
        "win32"
      ]
    },
    "node_modules/lefthook-windows-x64": {
      "version": "2.1.10",
      "resolved": "https://registry.npmjs.org/lefthook-windows-x64/-/lefthook-windows-x64-2.1.10.tgz",
      "integrity": "sha512-c/XH8YZtylG4XaxzqFfXluvq2LXq2W/p54Bnzn3+Z7E5X2Fk3JlFJAibulMbIt2+w8T7UI/r97ok5GqE4kGaeA==",
      "cpu": [
        "x64"
      ],
      "dev": true,
      "license": "MIT",
      "optional": true,
      "os": [
        "win32"
      ]
    }
  }
}
